# This file is autogenerated, do not edit; changes may be undone by the next 'dep ensure'.


[[projects]]
  digest = "1:56c130d885a4aacae1dd9c7b71cfe39912c7ebc1ff7d2b46083c8812996dc43b"
  name = "github.com/davecgh/go-spew"
  packages = ["spew"]
  pruneopts = ""
  revision = "346938d642f2ec3594ed81d874461961cd0faa76"
  version = "v1.1.0"

[[projects]]
  branch = "master"
  digest = "1:9343685b481305346a28c31f17585e64a23bcd0989ab2a35839fe2692a48f390"
  name = "github.com/dgrijalva/jwt-go"
  packages = ["."]
  pruneopts = ""
  revision = "a539ee1a749a2b895533f979515ac7e6e0f5b650"

[[projects]]
  digest = "1:3cc6cc81e607288ff63cc34b8b8f5f57a0f47e5bc554b86e31bf723612121763"
  name = "github.com/go-chi/chi"
  packages = [
    ".",
    "middleware",
  ]
  pruneopts = ""
  revision = "b5294d10673813fac8558e7f47242bc9e61b4c25"
  version = "v3.3.3"

[[projects]]
  digest = "1:c9c8bc06cea10c4ddf107dd716c5715f4aade94e4ca04fb406df50387fb63c82"
  name = "github.com/go-chi/jwtauth"
  packages = ["."]
  pruneopts = ""
  revision = "53a0a4877a0ead48e149be6b4ec9dd1b3c075eba"
  version = "v3.3.0"

[[projects]]
  digest = "1:256484dbbcd271f9ecebc6795b2df8cad4c458dd0f5fd82a8c2fa0c29f233411"
  name = "github.com/pmezard/go-difflib"
  packages = ["difflib"]
  pruneopts = ""
  revision = "792786c7400a136282c1664665ae0a8db921c6c2"
  version = "v1.0.0"

[[projects]]
  digest = "1:bfc8db90e2676a2fc0d742a536f376044a9b74f2745b2c60d339eb06c6c6988a"
  name = "github.com/rs/cors"
  packages = ["."]
  pruneopts = ""
  revision = "7af7a1e09ba336d2ea14b1ce73bf693c6837dbf6"
  version = "v1.2"

[[projects]]
  digest = "1:c587772fb8ad29ad4db67575dad25ba17a51f072ff18a22b4f0257a4d9c24f75"
  name = "github.com/stretchr/testify"
  packages = ["assert"]
  pruneopts = ""
  revision = "f35b8ab0b5a2cef36673838d662e249dd9c94686"
  version = "v1.2.2"

[[projects]]
  branch = "master"
  digest = "1:a2505a8f4cec4f7050e44f5af0c1d60d9b8b79a63da340bd12291103087d976f"
  name = "github.com/unrolled/render"
  packages = ["."]
  pruneopts = ""
  revision = "a0ec58421ddf111bd7efd3b7087399ca7d5da2f1"

[solve-meta]
  analyzer-name = "dep"
  analyzer-version = 1
  input-imports = [
    "github.com/go-chi/chi",
    "github.com/go-chi/chi/middleware",
    "github.com/go-chi/jwtauth",
    "github.com/rs/cors",
    "github.com/stretchr/testify/assert",
    "github.com/unrolled/render",
  ]
  solver-name = "gps-cdcl"
  solver-version = 1
